
Microsoft Visual Studio Solution File, Format Version 12.00
# Visual Studio Version 17
VisualStudioVersion = 17.7.34009.444
MinimumVisualStudioVersion = 10.0.40219.1
Project("{8BC9CEB8-8B4A-11D0-8D11-00A0C91BC942}") = "Практична 3", "Практична 3\Практична 3.vcxproj", "{75862E7E-ED64-496D-B077-44F03FFCCB10}"
EndProject
Global
	GlobalSection(SolutionConfigurationPlatforms) = preSolution
		Debug|x64 = Debug|x64
		Debug|x86 = Debug|x86
		Release|x64 = Release|x64
		Release|x86 = Release|x86
	EndGlobalSection
	GlobalSection(ProjectConfigurationPlatforms) = postSolution
		{75862E7E-ED64-496D-B077-44F03FFCCB10}.Debug|x64.ActiveCfg = Debug|x64
		{75862E7E-ED64-496D-B077-44F03FFCCB10}.Debug|x64.Build.0 = Debug|x64
		{75862E7E-ED64-496D-B077-44F03FFCCB10}.Debug|x86.ActiveCfg = Debug|Win32
		{75862E7E-ED64-496D-B077-44F03FFCCB10}.Debug|x86.Build.0 = Debug|Win32
		{75862E7E-ED64-496D-B077-44F03FFCCB10}.Release|x64.ActiveCfg = Release|x64
		{75862E7E-ED64-496D-B077-44F03FFCCB10}.Release|x64.Build.0 = Release|x64
		{75862E7E-ED64-496D-B077-44F03FFCCB10}.Release|x86.ActiveCfg = Release|Win32
		{75862E7E-ED64-496D-B077-44F03FFCCB10}.Release|x86.Build.0 = Release|Win32
	EndGlobalSection
	GlobalSection(SolutionProperties) = preSolution
		HideSolutionNode = FALSE
	EndGlobalSection
	GlobalSection(ExtensibilityGlobals) = postSolution
		SolutionGuid = {97CE764A-34D2-4565-A5C2-B49005DDDC00}
	EndGlobalSection
EndGlobal
